
Microsoft Visual Studio Solution File, Format Version 12.00
# Visual Studio Version 17
VisualStudioVersion = 17.12.35527.113
MinimumVisualStudioVersion = 10.0.40219.1
Project("{8BC9CEB8-8B4A-11D0-8D11-00A0C91BC942}") = "Program", "Program.vcxproj", "{A66B69B2-3D71-44D1-8A59-808CC80AB4EA}"
EndProject
Project("{8BC9CEB8-8B4A-11D0-8D11-00A0C91BC942}") = "Class1th (Time Complexity & Space Complexity)", "Class1th (Time Complexity & Space Complexity)\Class1th (Time Complexity & Space Complexity).vcxproj", "{9D551A63-5F35-4C4E-95E1-E2FC368DE992}"
EndProject
Project("{8BC9CEB8-8B4A-11D0-8D11-00A0C91BC942}") = "Class2th (Brute Force)", "Class2th (Brute Force)\Class2th (Brute Force).vcxproj", "{D2C25D1E-CA42-4C60-B662-CD7374BC7AB2}"
EndProject
Project("{8BC9CEB8-8B4A-11D0-8D11-00A0C91BC942}") = "Class3th (Bubble Sort)", "Class3th (Bubble Sort)\Class3th (Bubble Sort).vcxproj", "{A51BCA28-8910-41CC-AD33-D5810B39571E}"
EndProject
Project("{8BC9CEB8-8B4A-11D0-8D11-00A0C91BC942}") = "Class4th (Select Sort)", "Class4th (Select Sort)\Class4th (Select Sort).vcxproj", "{C8DC0B82-A759-4A50-A03A-2969834918A4}"
EndProject
Project("{8BC9CEB8-8B4A-11D0-8D11-00A0C91BC942}") = "Class5th (Insert Sort)", "Class5th (Insert Sort)\Class5th (Insert Sort).vcxproj", "{F0759B3A-F2A7-4C2D-BDC9-5AC1797B9A51}"
EndProject
Project("{8BC9CEB8-8B4A-11D0-8D11-00A0C91BC942}") = "Class6th (Seive of Eratosthenes)", "Class6th (Seive of Eratosthenes)\Class6th (Seive of Eratosthenes).vcxproj", "{D44D0B08-AB4F-4CB6-B07A-8E4AFE65742E}"
EndProject
Project("{8BC9CEB8-8B4A-11D0-8D11-00A0C91BC942}") = "Class7th (Two Pointer)", "Class7th (Two Pointer)\Class7th (Two Pointer).vcxproj", "{A10EDDF3-921F-46EA-A2E8-941D821F868B}"
EndProject
Project("{8BC9CEB8-8B4A-11D0-8D11-00A0C91BC942}") = "Class8th (Binary Search)", "Class8th (Binary Search)\Class8th (Binary Search).vcxproj", "{7303D40F-F8F9-4105-B1C9-5EA5C4E957B6}"
EndProject
Project("{8BC9CEB8-8B4A-11D0-8D11-00A0C91BC942}") = "Class9th (Count Sort)", "Class9th (Count Sort)\Class9th (Count Sort).vcxproj", "{08691E6B-76D6-45DE-B3D8-42530382754F}"
EndProject
Project("{8BC9CEB8-8B4A-11D0-8D11-00A0C91BC942}") = "Class10th (Divide And Conquer)", "Class10th (Divide And Conquer)\Class10th (Divide And Conquer).vcxproj", "{E88D889E-D11E-422C-99D5-25C3C0466AD1}"
EndProject
Project("{8BC9CEB8-8B4A-11D0-8D11-00A0C91BC942}") = "Class11th (Quick Sort)", "Class11th (Quick Sort)\Class11th (Quick Sort).vcxproj", "{D93E36C0-5D2A-4104-8801-6FA4B5EB7E37}"
EndProject
Project("{8BC9CEB8-8B4A-11D0-8D11-00A0C91BC942}") = "Class12th (Merge Sort)", "Class12th (Merge Sort)\Class12th (Merge Sort).vcxproj", "{14B7F8EF-ECA7-42C8-9572-7821A75CC0E4}"
EndProject
Project("{8BC9CEB8-8B4A-11D0-8D11-00A0C91BC942}") = "Class13th (Euclidean)", "Class13th (Euclidean)\Class13th (Euclidean).vcxproj", "{21CFD76D-2126-4E8E-86C5-AD58B2465FA4}"
EndProject
Project("{8BC9CEB8-8B4A-11D0-8D11-00A0C91BC942}") = "Class14th (Greedy)", "Class14th (Greedy)\Class14th (Greedy).vcxproj", "{F6DCC63C-999D-4774-B282-6B848C8CCEEE}"
EndProject
Project("{8BC9CEB8-8B4A-11D0-8D11-00A0C91BC942}") = "Class15th (Dynamic Programming)", "Class15th (Dynamic Programming)\Class15th (Dynamic Programming).vcxproj", "{012ADDCF-B35E-46EE-A777-E47EFB59B7C8}"
EndProject
Project("{8BC9CEB8-8B4A-11D0-8D11-00A0C91BC942}") = "Class16th (Back Tracking)", "Class16th (Back Tracking)\Class16th (Back Tracking).vcxproj", "{B28E728D-038C-41A5-A544-C06787E418C6}"
EndProject
Project("{8BC9CEB8-8B4A-11D0-8D11-00A0C91BC942}") = "Class17th (Depth First Search)", "Class17th (Depth First Search)\Class17th (Depth First Search).vcxproj", "{6D500FCB-B05F-4829-8193-E5A4F29259E2}"
EndProject
Project("{8BC9CEB8-8B4A-11D0-8D11-00A0C91BC942}") = "Class18th (Breadth First Search)", "Class18th (Breadth First Search)\Class18th (Breadth First Search).vcxproj", "{E8A6D5EC-CD39-4924-93EC-F254B5BE318D}"
EndProject
Project("{8BC9CEB8-8B4A-11D0-8D11-00A0C91BC942}") = "Class19th (Topology Sort)", "Class19th (Topology Sort)\Class19th (Topology Sort).vcxproj", "{5D86BC50-4BF8-42D2-A8D4-DB9FA6322464}"
EndProject
Project("{8BC9CEB8-8B4A-11D0-8D11-00A0C91BC942}") = "Class20th (Union Find)", "Class20th (Union Find)\Class20th (Union Find).vcxproj", "{60870E7D-26C0-4ABA-9571-FAE4D5F40EA1}"
EndProject
Project("{8BC9CEB8-8B4A-11D0-8D11-00A0C91BC942}") = "Class21th (Minimum Spanning Tree)", "Class21th (Minimum Spanning Tree)\Class21th (Minimum Spanning Tree).vcxproj", "{E6FEE2DE-6662-4BC9-8928-3CE36407084D}"
EndProject
Project("{8BC9CEB8-8B4A-11D0-8D11-00A0C91BC942}") = "Class22th (Dijkstra)", "Class22th (Dijkstra)\Class22th (Dijkstra).vcxproj", "{C6D121E0-A476-4B34-8807-29596F6D069C}"
EndProject
Project("{8BC9CEB8-8B4A-11D0-8D11-00A0C91BC942}") = "Recursive", "Recursive\Recursive.vcxproj", "{E3F19E3E-6A45-41D8-85C5-68B9E9390EF0}"
EndProject
Project("{8BC9CEB8-8B4A-11D0-8D11-00A0C91BC942}") = "Class23th (RabinKarp)", "Class23th (RabinKarp)\Class23th (RabinKarp).vcxproj", "{A9413C64-2CB1-48DE-BB1C-4E448C27EF8D}"
EndProject
Project("{8BC9CEB8-8B4A-11D0-8D11-00A0C91BC942}") = "N-Queen", "N-Queen\N-Queen.vcxproj", "{892D315C-8F60-4729-A23F-E51C5F157D8E}"
EndProject
Project("{8BC9CEB8-8B4A-11D0-8D11-00A0C91BC942}") = "Tazan", "Tazan\Tazan.vcxproj", "{3E449321-B696-4D02-A288-6C9B063A5E9C}"
EndProject
Global
	GlobalSection(SolutionConfigurationPlatforms) = preSolution
		Debug|x64 = Debug|x64
		Debug|x86 = Debug|x86
		Release|x64 = Release|x64
		Release|x86 = Release|x86
	EndGlobalSection
	GlobalSection(ProjectConfigurationPlatforms) = postSolution
		{A66B69B2-3D71-44D1-8A59-808CC80AB4EA}.Debug|x64.ActiveCfg = Debug|x64
		{A66B69B2-3D71-44D1-8A59-808CC80AB4EA}.Debug|x64.Build.0 = Debug|x64
		{A66B69B2-3D71-44D1-8A59-808CC80AB4EA}.Debug|x86.ActiveCfg = Debug|Win32
		{A66B69B2-3D71-44D1-8A59-808CC80AB4EA}.Debug|x86.Build.0 = Debug|Win32
		{A66B69B2-3D71-44D1-8A59-808CC80AB4EA}.Release|x64.ActiveCfg = Release|x64
		{A66B69B2-3D71-44D1-8A59-808CC80AB4EA}.Release|x64.Build.0 = Release|x64
		{A66B69B2-3D71-44D1-8A59-808CC80AB4EA}.Release|x86.ActiveCfg = Release|Win32
		{A66B69B2-3D71-44D1-8A59-808CC80AB4EA}.Release|x86.Build.0 = Release|Win32
		{9D551A63-5F35-4C4E-95E1-E2FC368DE992}.Debug|x64.ActiveCfg = Debug|x64
		{9D551A63-5F35-4C4E-95E1-E2FC368DE992}.Debug|x64.Build.0 = Debug|x64
		{9D551A63-5F35-4C4E-95E1-E2FC368DE992}.Debug|x86.ActiveCfg = Debug|Win32
		{9D551A63-5F35-4C4E-95E1-E2FC368DE992}.Debug|x86.Build.0 = Debug|Win32
		{9D551A63-5F35-4C4E-95E1-E2FC368DE992}.Release|x64.ActiveCfg = Release|x64
		{9D551A63-5F35-4C4E-95E1-E2FC368DE992}.Release|x64.Build.0 = Release|x64
		{9D551A63-5F35-4C4E-95E1-E2FC368DE992}.Release|x86.ActiveCfg = Release|Win32
		{9D551A63-5F35-4C4E-95E1-E2FC368DE992}.Release|x86.Build.0 = Release|Win32
		{D2C25D1E-CA42-4C60-B662-CD7374BC7AB2}.Debug|x64.ActiveCfg = Debug|x64
		{D2C25D1E-CA42-4C60-B662-CD7374BC7AB2}.Debug|x64.Build.0 = Debug|x64
		{D2C25D1E-CA42-4C60-B662-CD7374BC7AB2}.Debug|x86.ActiveCfg = Debug|Win32
		{D2C25D1E-CA42-4C60-B662-CD7374BC7AB2}.Debug|x86.Build.0 = Debug|Win32
		{D2C25D1E-CA42-4C60-B662-CD7374BC7AB2}.Release|x64.ActiveCfg = Release|x64
		{D2C25D1E-CA42-4C60-B662-CD7374BC7AB2}.Release|x64.Build.0 = Release|x64
		{D2C25D1E-CA42-4C60-B662-CD7374BC7AB2}.Release|x86.ActiveCfg = Release|Win32
		{D2C25D1E-CA42-4C60-B662-CD7374BC7AB2}.Release|x86.Build.0 = Release|Win32
		{A51BCA28-8910-41CC-AD33-D5810B39571E}.Debug|x64.ActiveCfg = Debug|x64
		{A51BCA28-8910-41CC-AD33-D5810B39571E}.Debug|x64.Build.0 = Debug|x64
		{A51BCA28-8910-41CC-AD33-D5810B39571E}.Debug|x86.ActiveCfg = Debug|Win32
		{A51BCA28-8910-41CC-AD33-D5810B39571E}.Debug|x86.Build.0 = Debug|Win32
		{A51BCA28-8910-41CC-AD33-D5810B39571E}.Release|x64.ActiveCfg = Release|x64
		{A51BCA28-8910-41CC-AD33-D5810B39571E}.Release|x64.Build.0 = Release|x64
		{A51BCA28-8910-41CC-AD33-D5810B39571E}.Release|x86.ActiveCfg = Release|Win32
		{A51BCA28-8910-41CC-AD33-D5810B39571E}.Release|x86.Build.0 = Release|Win32
		{C8DC0B82-A759-4A50-A03A-2969834918A4}.Debug|x64.ActiveCfg = Debug|x64
		{C8DC0B82-A759-4A50-A03A-2969834918A4}.Debug|x64.Build.0 = Debug|x64
		{C8DC0B82-A759-4A50-A03A-2969834918A4}.Debug|x86.ActiveCfg = Debug|Win32
		{C8DC0B82-A759-4A50-A03A-2969834918A4}.Debug|x86.Build.0 = Debug|Win32
		{C8DC0B82-A759-4A50-A03A-2969834918A4}.Release|x64.ActiveCfg = Release|x64
		{C8DC0B82-A759-4A50-A03A-2969834918A4}.Release|x64.Build.0 = Release|x64
		{C8DC0B82-A759-4A50-A03A-2969834918A4}.Release|x86.ActiveCfg = Release|Win32
		{C8DC0B82-A759-4A50-A03A-2969834918A4}.Release|x86.Build.0 = Release|Win32
		{F0759B3A-F2A7-4C2D-BDC9-5AC1797B9A51}.Debug|x64.ActiveCfg = Debug|x64
		{F0759B3A-F2A7-4C2D-BDC9-5AC1797B9A51}.Debug|x64.Build.0 = Debug|x64
		{F0759B3A-F2A7-4C2D-BDC9-5AC1797B9A51}.Debug|x86.ActiveCfg = Debug|Win32
		{F0759B3A-F2A7-4C2D-BDC9-5AC1797B9A51}.Debug|x86.Build.0 = Debug|Win32
		{F0759B3A-F2A7-4C2D-BDC9-5AC1797B9A51}.Release|x64.ActiveCfg = Release|x64
		{F0759B3A-F2A7-4C2D-BDC9-5AC1797B9A51}.Release|x64.Build.0 = Release|x64
		{F0759B3A-F2A7-4C2D-BDC9-5AC1797B9A51}.Release|x86.ActiveCfg = Release|Win32
		{F0759B3A-F2A7-4C2D-BDC9-5AC1797B9A51}.Release|x86.Build.0 = Release|Win32
		{D44D0B08-AB4F-4CB6-B07A-8E4AFE65742E}.Debug|x64.ActiveCfg = Debug|x64
		{D44D0B08-AB4F-4CB6-B07A-8E4AFE65742E}.Debug|x64.Build.0 = Debug|x64
		{D44D0B08-AB4F-4CB6-B07A-8E4AFE65742E}.Debug|x86.ActiveCfg = Debug|Win32
		{D44D0B08-AB4F-4CB6-B07A-8E4AFE65742E}.Debug|x86.Build.0 = Debug|Win32
		{D44D0B08-AB4F-4CB6-B07A-8E4AFE65742E}.Release|x64.ActiveCfg = Release|x64
		{D44D0B08-AB4F-4CB6-B07A-8E4AFE65742E}.Release|x64.Build.0 = Release|x64
		{D44D0B08-AB4F-4CB6-B07A-8E4AFE65742E}.Release|x86.ActiveCfg = Release|Win32
		{D44D0B08-AB4F-4CB6-B07A-8E4AFE65742E}.Release|x86.Build.0 = Release|Win32
		{A10EDDF3-921F-46EA-A2E8-941D821F868B}.Debug|x64.ActiveCfg = Debug|x64
		{A10EDDF3-921F-46EA-A2E8-941D821F868B}.Debug|x64.Build.0 = Debug|x64
		{A10EDDF3-921F-46EA-A2E8-941D821F868B}.Debug|x86.ActiveCfg = Debug|Win32
		{A10EDDF3-921F-46EA-A2E8-941D821F868B}.Debug|x86.Build.0 = Debug|Win32
		{A10EDDF3-921F-46EA-A2E8-941D821F868B}.Release|x64.ActiveCfg = Release|x64
		{A10EDDF3-921F-46EA-A2E8-941D821F868B}.Release|x64.Build.0 = Release|x64
		{A10EDDF3-921F-46EA-A2E8-941D821F868B}.Release|x86.ActiveCfg = Release|Win32
		{A10EDDF3-921F-46EA-A2E8-941D821F868B}.Release|x86.Build.0 = Release|Win32
		{7303D40F-F8F9-4105-B1C9-5EA5C4E957B6}.Debug|x64.ActiveCfg = Debug|x64
		{7303D40F-F8F9-4105-B1C9-5EA5C4E957B6}.Debug|x64.Build.0 = Debug|x64
		{7303D40F-F8F9-4105-B1C9-5EA5C4E957B6}.Debug|x86.ActiveCfg = Debug|Win32
		{7303D40F-F8F9-4105-B1C9-5EA5C4E957B6}.Debug|x86.Build.0 = Debug|Win32
		{7303D40F-F8F9-4105-B1C9-5EA5C4E957B6}.Release|x64.ActiveCfg = Release|x64
		{7303D40F-F8F9-4105-B1C9-5EA5C4E957B6}.Release|x64.Build.0 = Release|x64
		{7303D40F-F8F9-4105-B1C9-5EA5C4E957B6}.Release|x86.ActiveCfg = Release|Win32
		{7303D40F-F8F9-4105-B1C9-5EA5C4E957B6}.Release|x86.Build.0 = Release|Win32
		{08691E6B-76D6-45DE-B3D8-42530382754F}.Debug|x64.ActiveCfg = Debug|x64
		{08691E6B-76D6-45DE-B3D8-42530382754F}.Debug|x64.Build.0 = Debug|x64
		{08691E6B-76D6-45DE-B3D8-42530382754F}.Debug|x86.ActiveCfg = Debug|Win32
		{08691E6B-76D6-45DE-B3D8-42530382754F}.Debug|x86.Build.0 = Debug|Win32
		{08691E6B-76D6-45DE-B3D8-42530382754F}.Release|x64.ActiveCfg = Release|x64
		{08691E6B-76D6-45DE-B3D8-42530382754F}.Release|x64.Build.0 = Release|x64
		{08691E6B-76D6-45DE-B3D8-42530382754F}.Release|x86.ActiveCfg = Release|Win32
		{08691E6B-76D6-45DE-B3D8-42530382754F}.Release|x86.Build.0 = Release|Win32
		{E88D889E-D11E-422C-99D5-25C3C0466AD1}.Debug|x64.ActiveCfg = Debug|x64
		{E88D889E-D11E-422C-99D5-25C3C0466AD1}.Debug|x64.Build.0 = Debug|x64
		{E88D889E-D11E-422C-99D5-25C3C0466AD1}.Debug|x86.ActiveCfg = Debug|Win32
		{E88D889E-D11E-422C-99D5-25C3C0466AD1}.Debug|x86.Build.0 = Debug|Win32
		{E88D889E-D11E-422C-99D5-25C3C0466AD1}.Release|x64.ActiveCfg = Release|x64
		{E88D889E-D11E-422C-99D5-25C3C0466AD1}.Release|x64.Build.0 = Release|x64
		{E88D889E-D11E-422C-99D5-25C3C0466AD1}.Release|x86.ActiveCfg = Release|Win32
		{E88D889E-D11E-422C-99D5-25C3C0466AD1}.Release|x86.Build.0 = Release|Win32
		{D93E36C0-5D2A-4104-8801-6FA4B5EB7E37}.Debug|x64.ActiveCfg = Debug|x64
		{D93E36C0-5D2A-4104-8801-6FA4B5EB7E37}.Debug|x64.Build.0 = Debug|x64
		{D93E36C0-5D2A-4104-8801-6FA4B5EB7E37}.Debug|x86.ActiveCfg = Debug|Win32
		{D93E36C0-5D2A-4104-8801-6FA4B5EB7E37}.Debug|x86.Build.0 = Debug|Win32
		{D93E36C0-5D2A-4104-8801-6FA4B5EB7E37}.Release|x64.ActiveCfg = Release|x64
		{D93E36C0-5D2A-4104-8801-6FA4B5EB7E37}.Release|x64.Build.0 = Release|x64
		{D93E36C0-5D2A-4104-8801-6FA4B5EB7E37}.Release|x86.ActiveCfg = Release|Win32
		{D93E36C0-5D2A-4104-8801-6FA4B5EB7E37}.Release|x86.Build.0 = Release|Win32
		{14B7F8EF-ECA7-42C8-9572-7821A75CC0E4}.Debug|x64.ActiveCfg = Debug|x64
		{14B7F8EF-ECA7-42C8-9572-7821A75CC0E4}.Debug|x64.Build.0 = Debug|x64
		{14B7F8EF-ECA7-42C8-9572-7821A75CC0E4}.Debug|x86.ActiveCfg = Debug|Win32
		{14B7F8EF-ECA7-42C8-9572-7821A75CC0E4}.Debug|x86.Build.0 = Debug|Win32
		{14B7F8EF-ECA7-42C8-9572-7821A75CC0E4}.Release|x64.ActiveCfg = Release|x64
		{14B7F8EF-ECA7-42C8-9572-7821A75CC0E4}.Release|x64.Build.0 = Release|x64
		{14B7F8EF-ECA7-42C8-9572-7821A75CC0E4}.Release|x86.ActiveCfg = Release|Win32
		{14B7F8EF-ECA7-42C8-9572-7821A75CC0E4}.Release|x86.Build.0 = Release|Win32
		{21CFD76D-2126-4E8E-86C5-AD58B2465FA4}.Debug|x64.ActiveCfg = Debug|x64
		{21CFD76D-2126-4E8E-86C5-AD58B2465FA4}.Debug|x64.Build.0 = Debug|x64
		{21CFD76D-2126-4E8E-86C5-AD58B2465FA4}.Debug|x86.ActiveCfg = Debug|Win32
		{21CFD76D-2126-4E8E-86C5-AD58B2465FA4}.Debug|x86.Build.0 = Debug|Win32
		{21CFD76D-2126-4E8E-86C5-AD58B2465FA4}.Release|x64.ActiveCfg = Release|x64
		{21CFD76D-2126-4E8E-86C5-AD58B2465FA4}.Release|x64.Build.0 = Release|x64
		{21CFD76D-2126-4E8E-86C5-AD58B2465FA4}.Release|x86.ActiveCfg = Release|Win32
		{21CFD76D-2126-4E8E-86C5-AD58B2465FA4}.Release|x86.Build.0 = Release|Win32
		{F6DCC63C-999D-4774-B282-6B848C8CCEEE}.Debug|x64.ActiveCfg = Debug|x64
		{F6DCC63C-999D-4774-B282-6B848C8CCEEE}.Debug|x64.Build.0 = Debug|x64
		{F6DCC63C-999D-4774-B282-6B848C8CCEEE}.Debug|x86.ActiveCfg = Debug|Win32
		{F6DCC63C-999D-4774-B282-6B848C8CCEEE}.Debug|x86.Build.0 = Debug|Win32
		{F6DCC63C-999D-4774-B282-6B848C8CCEEE}.Release|x64.ActiveCfg = Release|x64
		{F6DCC63C-999D-4774-B282-6B848C8CCEEE}.Release|x64.Build.0 = Release|x64
		{F6DCC63C-999D-4774-B282-6B848C8CCEEE}.Release|x86.ActiveCfg = Release|Win32
		{F6DCC63C-999D-4774-B282-6B848C8CCEEE}.Release|x86.Build.0 = Release|Win32
		{012ADDCF-B35E-46EE-A777-E47EFB59B7C8}.Debug|x64.ActiveCfg = Debug|x64
		{012ADDCF-B35E-46EE-A777-E47EFB59B7C8}.Debug|x64.Build.0 = Debug|x64
		{012ADDCF-B35E-46EE-A777-E47EFB59B7C8}.Debug|x86.ActiveCfg = Debug|Win32
		{012ADDCF-B35E-46EE-A777-E47EFB59B7C8}.Debug|x86.Build.0 = Debug|Win32
		{012ADDCF-B35E-46EE-A777-E47EFB59B7C8}.Release|x64.ActiveCfg = Release|x64
		{012ADDCF-B35E-46EE-A777-E47EFB59B7C8}.Release|x64.Build.0 = Release|x64
		{012ADDCF-B35E-46EE-A777-E47EFB59B7C8}.Release|x86.ActiveCfg = Release|Win32
		{012ADDCF-B35E-46EE-A777-E47EFB59B7C8}.Release|x86.Build.0 = Release|Win32
		{B28E728D-038C-41A5-A544-C06787E418C6}.Debug|x64.ActiveCfg = Debug|x64
		{B28E728D-038C-41A5-A544-C06787E418C6}.Debug|x64.Build.0 = Debug|x64
		{B28E728D-038C-41A5-A544-C06787E418C6}.Debug|x86.ActiveCfg = Debug|Win32
		{B28E728D-038C-41A5-A544-C06787E418C6}.Debug|x86.Build.0 = Debug|Win32
		{B28E728D-038C-41A5-A544-C06787E418C6}.Release|x64.ActiveCfg = Release|x64
		{B28E728D-038C-41A5-A544-C06787E418C6}.Release|x64.Build.0 = Release|x64
		{B28E728D-038C-41A5-A544-C06787E418C6}.Release|x86.ActiveCfg = Release|Win32
		{B28E728D-038C-41A5-A544-C06787E418C6}.Release|x86.Build.0 = Release|Win32
		{6D500FCB-B05F-4829-8193-E5A4F29259E2}.Debug|x64.ActiveCfg = Debug|x64
		{6D500FCB-B05F-4829-8193-E5A4F29259E2}.Debug|x64.Build.0 = Debug|x64
		{6D500FCB-B05F-4829-8193-E5A4F29259E2}.Debug|x86.ActiveCfg = Debug|Win32
		{6D500FCB-B05F-4829-8193-E5A4F29259E2}.Debug|x86.Build.0 = Debug|Win32
		{6D500FCB-B05F-4829-8193-E5A4F29259E2}.Release|x64.ActiveCfg = Release|x64
		{6D500FCB-B05F-4829-8193-E5A4F29259E2}.Release|x64.Build.0 = Release|x64
		{6D500FCB-B05F-4829-8193-E5A4F29259E2}.Release|x86.ActiveCfg = Release|Win32
		{6D500FCB-B05F-4829-8193-E5A4F29259E2}.Release|x86.Build.0 = Release|Win32
		{E8A6D5EC-CD39-4924-93EC-F254B5BE318D}.Debug|x64.ActiveCfg = Debug|x64
		{E8A6D5EC-CD39-4924-93EC-F254B5BE318D}.Debug|x64.Build.0 = Debug|x64
		{E8A6D5EC-CD39-4924-93EC-F254B5BE318D}.Debug|x86.ActiveCfg = Debug|Win32
		{E8A6D5EC-CD39-4924-93EC-F254B5BE318D}.Debug|x86.Build.0 = Debug|Win32
		{E8A6D5EC-CD39-4924-93EC-F254B5BE318D}.Release|x64.ActiveCfg = Release|x64
		{E8A6D5EC-CD39-4924-93EC-F254B5BE318D}.Release|x64.Build.0 = Release|x64
		{E8A6D5EC-CD39-4924-93EC-F254B5BE318D}.Release|x86.ActiveCfg = Release|Win32
		{E8A6D5EC-CD39-4924-93EC-F254B5BE318D}.Release|x86.Build.0 = Release|Win32
		{5D86BC50-4BF8-42D2-A8D4-DB9FA6322464}.Debug|x64.ActiveCfg = Debug|x64
		{5D86BC50-4BF8-42D2-A8D4-DB9FA6322464}.Debug|x64.Build.0 = Debug|x64
		{5D86BC50-4BF8-42D2-A8D4-DB9FA6322464}.Debug|x86.ActiveCfg = Debug|Win32
		{5D86BC50-4BF8-42D2-A8D4-DB9FA6322464}.Debug|x86.Build.0 = Debug|Win32
		{5D86BC50-4BF8-42D2-A8D4-DB9FA6322464}.Release|x64.ActiveCfg = Release|x64
		{5D86BC50-4BF8-42D2-A8D4-DB9FA6322464}.Release|x64.Build.0 = Release|x64
		{5D86BC50-4BF8-42D2-A8D4-DB9FA6322464}.Release|x86.ActiveCfg = Release|Win32
		{5D86BC50-4BF8-42D2-A8D4-DB9FA6322464}.Release|x86.Build.0 = Release|Win32
		{60870E7D-26C0-4ABA-9571-FAE4D5F40EA1}.Debug|x64.ActiveCfg = Debug|x64
		{60870E7D-26C0-4ABA-9571-FAE4D5F40EA1}.Debug|x64.Build.0 = Debug|x64
		{60870E7D-26C0-4ABA-9571-FAE4D5F40EA1}.Debug|x86.ActiveCfg = Debug|Win32
		{60870E7D-26C0-4ABA-9571-FAE4D5F40EA1}.Debug|x86.Build.0 = Debug|Win32
		{60870E7D-26C0-4ABA-9571-FAE4D5F40EA1}.Release|x64.ActiveCfg = Release|x64
		{60870E7D-26C0-4ABA-9571-FAE4D5F40EA1}.Release|x64.Build.0 = Release|x64
		{60870E7D-26C0-4ABA-9571-FAE4D5F40EA1}.Release|x86.ActiveCfg = Release|Win32
		{60870E7D-26C0-4ABA-9571-FAE4D5F40EA1}.Release|x86.Build.0 = Release|Win32
		{E6FEE2DE-6662-4BC9-8928-3CE36407084D}.Debug|x64.ActiveCfg = Debug|x64
		{E6FEE2DE-6662-4BC9-8928-3CE36407084D}.Debug|x64.Build.0 = Debug|x64
		{E6FEE2DE-6662-4BC9-8928-3CE36407084D}.Debug|x86.ActiveCfg = Debug|Win32
		{E6FEE2DE-6662-4BC9-8928-3CE36407084D}.Debug|x86.Build.0 = Debug|Win32
		{E6FEE2DE-6662-4BC9-8928-3CE36407084D}.Release|x64.ActiveCfg = Release|x64
		{E6FEE2DE-6662-4BC9-8928-3CE36407084D}.Release|x64.Build.0 = Release|x64
		{E6FEE2DE-6662-4BC9-8928-3CE36407084D}.Release|x86.ActiveCfg = Release|Win32
		{E6FEE2DE-6662-4BC9-8928-3CE36407084D}.Release|x86.Build.0 = Release|Win32
		{C6D121E0-A476-4B34-8807-29596F6D069C}.Debug|x64.ActiveCfg = Debug|x64
		{C6D121E0-A476-4B34-8807-29596F6D069C}.Debug|x64.Build.0 = Debug|x64
		{C6D121E0-A476-4B34-8807-29596F6D069C}.Debug|x86.ActiveCfg = Debug|Win32
		{C6D121E0-A476-4B34-8807-29596F6D069C}.Debug|x86.Build.0 = Debug|Win32
		{C6D121E0-A476-4B34-8807-29596F6D069C}.Release|x64.ActiveCfg = Release|x64
		{C6D121E0-A476-4B34-8807-29596F6D069C}.Release|x64.Build.0 = Release|x64
		{C6D121E0-A476-4B34-8807-29596F6D069C}.Release|x86.ActiveCfg = Release|Win32
		{C6D121E0-A476-4B34-8807-29596F6D069C}.Release|x86.Build.0 = Release|Win32
		{E3F19E3E-6A45-41D8-85C5-68B9E9390EF0}.Debug|x64.ActiveCfg = Debug|x64
		{E3F19E3E-6A45-41D8-85C5-68B9E9390EF0}.Debug|x64.Build.0 = Debug|x64
		{E3F19E3E-6A45-41D8-85C5-68B9E9390EF0}.Debug|x86.ActiveCfg = Debug|Win32
		{E3F19E3E-6A45-41D8-85C5-68B9E9390EF0}.Debug|x86.Build.0 = Debug|Win32
		{E3F19E3E-6A45-41D8-85C5-68B9E9390EF0}.Release|x64.ActiveCfg = Release|x64
		{E3F19E3E-6A45-41D8-85C5-68B9E9390EF0}.Release|x64.Build.0 = Release|x64
		{E3F19E3E-6A45-41D8-85C5-68B9E9390EF0}.Release|x86.ActiveCfg = Release|Win32
		{E3F19E3E-6A45-41D8-85C5-68B9E9390EF0}.Release|x86.Build.0 = Release|Win32
		{A9413C64-2CB1-48DE-BB1C-4E448C27EF8D}.Debug|x64.ActiveCfg = Debug|x64
		{A9413C64-2CB1-48DE-BB1C-4E448C27EF8D}.Debug|x64.Build.0 = Debug|x64
		{A9413C64-2CB1-48DE-BB1C-4E448C27EF8D}.Debug|x86.ActiveCfg = Debug|Win32
		{A9413C64-2CB1-48DE-BB1C-4E448C27EF8D}.Debug|x86.Build.0 = Debug|Win32
		{A9413C64-2CB1-48DE-BB1C-4E448C27EF8D}.Release|x64.ActiveCfg = Release|x64
		{A9413C64-2CB1-48DE-BB1C-4E448C27EF8D}.Release|x64.Build.0 = Release|x64
		{A9413C64-2CB1-48DE-BB1C-4E448C27EF8D}.Release|x86.ActiveCfg = Release|Win32
		{A9413C64-2CB1-48DE-BB1C-4E448C27EF8D}.Release|x86.Build.0 = Release|Win32
		{892D315C-8F60-4729-A23F-E51C5F157D8E}.Debug|x64.ActiveCfg = Debug|x64
		{892D315C-8F60-4729-A23F-E51C5F157D8E}.Debug|x64.Build.0 = Debug|x64
		{892D315C-8F60-4729-A23F-E51C5F157D8E}.Debug|x86.ActiveCfg = Debug|Win32
		{892D315C-8F60-4729-A23F-E51C5F157D8E}.Debug|x86.Build.0 = Debug|Win32
		{892D315C-8F60-4729-A23F-E51C5F157D8E}.Release|x64.ActiveCfg = Release|x64
		{892D315C-8F60-4729-A23F-E51C5F157D8E}.Release|x64.Build.0 = Release|x64
		{892D315C-8F60-4729-A23F-E51C5F157D8E}.Release|x86.ActiveCfg = Release|Win32
		{892D315C-8F60-4729-A23F-E51C5F157D8E}.Release|x86.Build.0 = Release|Win32
		{3E449321-B696-4D02-A288-6C9B063A5E9C}.Debug|x64.ActiveCfg = Debug|x64
		{3E449321-B696-4D02-A288-6C9B063A5E9C}.Debug|x64.Build.0 = Debug|x64
		{3E449321-B696-4D02-A288-6C9B063A5E9C}.Debug|x86.ActiveCfg = Debug|Win32
		{3E449321-B696-4D02-A288-6C9B063A5E9C}.Debug|x86.Build.0 = Debug|Win32
		{3E449321-B696-4D02-A288-6C9B063A5E9C}.Release|x64.ActiveCfg = Release|x64
		{3E449321-B696-4D02-A288-6C9B063A5E9C}.Release|x64.Build.0 = Release|x64
		{3E449321-B696-4D02-A288-6C9B063A5E9C}.Release|x86.ActiveCfg = Release|Win32
		{3E449321-B696-4D02-A288-6C9B063A5E9C}.Release|x86.Build.0 = Release|Win32
	EndGlobalSection
	GlobalSection(SolutionProperties) = preSolution
		HideSolutionNode = FALSE
	EndGlobalSection
EndGlobal
